
Microsoft Visual Studio Solution File, Format Version 12.00
# Visual Studio Version 17
VisualStudioVersion = 17.5.33530.505
MinimumVisualStudioVersion = 10.0.40219.1
Project("{FAE04EC0-301F-11D3-BF4B-00C04F79EFBC}") = "SISTEMASVENTAS.DAL", "SISTEMASVENTAS.DAL\SISTEMASVENTAS.DAL.csproj", "{A75DC16F-DF6A-4FC5-A108-5A25A5E76371}"
EndProject
Project("{FAE04EC0-301F-11D3-BF4B-00C04F79EFBC}") = "SISTEMASVENTAS.BSS", "SISTEMASVENTAS.BSS\SISTEMASVENTAS.BSS.csproj", "{53865BCF-17E6-4A0B-BCC7-FBF216D9BAC4}"
EndProject
Project("{FAE04EC0-301F-11D3-BF4B-00C04F79EFBC}") = "SISTEMAVENTAS.MODELOS", "SISTEMAVENTAS.MODELOS\SISTEMAVENTAS.MODELOS.csproj", "{B3530488-CA43-411A-880A-0CA1AC333BB1}"
EndProject
Project("{FAE04EC0-301F-11D3-BF4B-00C04F79EFBC}") = "SITEMAVENTAS.VISTA", "SITEMAVENTAS.VISTA\SITEMAVENTAS.VISTA.csproj", "{AA3A1D89-D10C-4702-84CC-113FB47DB630}"
EndProject
Global
	GlobalSection(SolutionConfigurationPlatforms) = preSolution
		Debug|Any CPU = Debug|Any CPU
		Release|Any CPU = Release|Any CPU
	EndGlobalSection
	GlobalSection(ProjectConfigurationPlatforms) = postSolution
		{A75DC16F-DF6A-4FC5-A108-5A25A5E76371}.Debug|Any CPU.ActiveCfg = Debug|Any CPU
		{A75DC16F-DF6A-4FC5-A108-5A25A5E76371}.Debug|Any CPU.Build.0 = Debug|Any CPU
		{A75DC16F-DF6A-4FC5-A108-5A25A5E76371}.Release|Any CPU.ActiveCfg = Release|Any CPU
		{A75DC16F-DF6A-4FC5-A108-5A25A5E76371}.Release|Any CPU.Build.0 = Release|Any CPU
		{53865BCF-17E6-4A0B-BCC7-FBF216D9BAC4}.Debug|Any CPU.ActiveCfg = Debug|Any CPU
		{53865BCF-17E6-4A0B-BCC7-FBF216D9BAC4}.Debug|Any CPU.Build.0 = Debug|Any CPU
		{53865BCF-17E6-4A0B-BCC7-FBF216D9BAC4}.Release|Any CPU.ActiveCfg = Release|Any CPU
		{53865BCF-17E6-4A0B-BCC7-FBF216D9BAC4}.Release|Any CPU.Build.0 = Release|Any CPU
		{B3530488-CA43-411A-880A-0CA1AC333BB1}.Debug|Any CPU.ActiveCfg = Debug|Any CPU
		{B3530488-CA43-411A-880A-0CA1AC333BB1}.Debug|Any CPU.Build.0 = Debug|Any CPU
		{B3530488-CA43-411A-880A-0CA1AC333BB1}.Release|Any CPU.ActiveCfg = Release|Any CPU
		{B3530488-CA43-411A-880A-0CA1AC333BB1}.Release|Any CPU.Build.0 = Release|Any CPU
		{AA3A1D89-D10C-4702-84CC-113FB47DB630}.Debug|Any CPU.ActiveCfg = Debug|Any CPU
		{AA3A1D89-D10C-4702-84CC-113FB47DB630}.Debug|Any CPU.Build.0 = Debug|Any CPU
		{AA3A1D89-D10C-4702-84CC-113FB47DB630}.Release|Any CPU.ActiveCfg = Release|Any CPU
		{AA3A1D89-D10C-4702-84CC-113FB47DB630}.Release|Any CPU.Build.0 = Release|Any CPU
	EndGlobalSection
	GlobalSection(SolutionProperties) = preSolution
		HideSolutionNode = FALSE
	EndGlobalSection
	GlobalSection(ExtensibilityGlobals) = postSolution
		SolutionGuid = {3EE7883D-90D8-4EC6-BDA3-F129D8CDE16B}
	EndGlobalSection
EndGlobal
